
Microsoft Visual Studio Solution File, Format Version 12.00
# Visual Studio Version 17
VisualStudioVersion = 17.0.31912.275
MinimumVisualStudioVersion = 10.0.40219.1
Project("{FAE04EC0-301F-11D3-BF4B-00C04F79EFBC}") = "FizzBuzz", "FizzBuzz\FizzBuzz.csproj", "{022D52A9-BFC9-48AD-9F34-1B38F3CE391E}"
EndProject
Project("{FAE04EC0-301F-11D3-BF4B-00C04F79EFBC}") = "FizzBuzzTests", "FizzBuzzTests\FizzBuzzTests.csproj", "{2157CDB2-28B5-4B59-85FE-C2912EAD5954}"
EndProject
Global
	GlobalSection(SolutionConfigurationPlatforms) = preSolution
		Debug|Any CPU = Debug|Any CPU
		Release|Any CPU = Release|Any CPU
	EndGlobalSection
	GlobalSection(ProjectConfigurationPlatforms) = postSolution
		{022D52A9-BFC9-48AD-9F34-1B38F3CE391E}.Debug|Any CPU.ActiveCfg = Debug|Any CPU
		{022D52A9-BFC9-48AD-9F34-1B38F3CE391E}.Debug|Any CPU.Build.0 = Debug|Any CPU
		{022D52A9-BFC9-48AD-9F34-1B38F3CE391E}.Release|Any CPU.ActiveCfg = Release|Any CPU
		{022D52A9-BFC9-48AD-9F34-1B38F3CE391E}.Release|Any CPU.Build.0 = Release|Any CPU
		{2157CDB2-28B5-4B59-85FE-C2912EAD5954}.Debug|Any CPU.ActiveCfg = Debug|Any CPU
		{2157CDB2-28B5-4B59-85FE-C2912EAD5954}.Debug|Any CPU.Build.0 = Debug|Any CPU
		{2157CDB2-28B5-4B59-85FE-C2912EAD5954}.Release|Any CPU.ActiveCfg = Release|Any CPU
		{2157CDB2-28B5-4B59-85FE-C2912EAD5954}.Release|Any CPU.Build.0 = Release|Any CPU
	EndGlobalSection
	GlobalSection(SolutionProperties) = preSolution
		HideSolutionNode = FALSE
	EndGlobalSection
	GlobalSection(ExtensibilityGlobals) = postSolution
		SolutionGuid = {CBC6EB1E-95E2-43AF-99C9-6EF57AD0699E}
	EndGlobalSection
EndGlobal
